
Microsoft Visual Studio Solution File, Format Version 12.00
# Visual Studio Version 17
VisualStudioVersion = 17.14.36401.2 d17.14
MinimumVisualStudioVersion = 10.0.40219.1
Project("{FAE04EC0-301F-11D3-BF4B-00C04F79EFBC}") = "ManagementSystem.PL", "ManagementSystem.PL\ManagementSystem.PL.csproj", "{3CED746C-EA52-4E10-87A6-E3408F3B471C}"
EndProject
Project("{FAE04EC0-301F-11D3-BF4B-00C04F79EFBC}") = "ManagementSystem.BLL", "ManagemnetSystem.BLL\ManagementSystem.BLL.csproj", "{FEB1CB2F-D2D7-4D8A-BC58-6FCA1BEB2784}"
EndProject
Project("{FAE04EC0-301F-11D3-BF4B-00C04F79EFBC}") = "ManagementSystem.DAL", "ManagementSystem.DAL\ManagementSystem.DAL.csproj", "{913ECD11-4A39-47DC-BEEA-1CABEB3DC2C4}"
EndProject
Global
	GlobalSection(SolutionConfigurationPlatforms) = preSolution
		Debug|Any CPU = Debug|Any CPU
		Release|Any CPU = Release|Any CPU
	EndGlobalSection
	GlobalSection(ProjectConfigurationPlatforms) = postSolution
		{3CED746C-EA52-4E10-87A6-E3408F3B471C}.Debug|Any CPU.ActiveCfg = Debug|Any CPU
		{3CED746C-EA52-4E10-87A6-E3408F3B471C}.Debug|Any CPU.Build.0 = Debug|Any CPU
		{3CED746C-EA52-4E10-87A6-E3408F3B471C}.Release|Any CPU.ActiveCfg = Release|Any CPU
		{3CED746C-EA52-4E10-87A6-E3408F3B471C}.Release|Any CPU.Build.0 = Release|Any CPU
		{FEB1CB2F-D2D7-4D8A-BC58-6FCA1BEB2784}.Debug|Any CPU.ActiveCfg = Debug|Any CPU
		{FEB1CB2F-D2D7-4D8A-BC58-6FCA1BEB2784}.Debug|Any CPU.Build.0 = Debug|Any CPU
		{FEB1CB2F-D2D7-4D8A-BC58-6FCA1BEB2784}.Release|Any CPU.ActiveCfg = Release|Any CPU
		{FEB1CB2F-D2D7-4D8A-BC58-6FCA1BEB2784}.Release|Any CPU.Build.0 = Release|Any CPU
		{913ECD11-4A39-47DC-BEEA-1CABEB3DC2C4}.Debug|Any CPU.ActiveCfg = Debug|Any CPU
		{913ECD11-4A39-47DC-BEEA-1CABEB3DC2C4}.Debug|Any CPU.Build.0 = Debug|Any CPU
		{913ECD11-4A39-47DC-BEEA-1CABEB3DC2C4}.Release|Any CPU.ActiveCfg = Release|Any CPU
		{913ECD11-4A39-47DC-BEEA-1CABEB3DC2C4}.Release|Any CPU.Build.0 = Release|Any CPU
	EndGlobalSection
	GlobalSection(SolutionProperties) = preSolution
		HideSolutionNode = FALSE
	EndGlobalSection
	GlobalSection(ExtensibilityGlobals) = postSolution
		SolutionGuid = {5A440BDB-5BB4-4A57-B34F-1A1DC574467B}
	EndGlobalSection
EndGlobal
